{
  "version": "4",
  "specifiers": {
    "npm:@commander-js/extra-typings@*": "12.1.0_commander@12.1.0",
    "npm:zod@*": "3.23.8"
  },
  "npm": {
    "@commander-js/extra-typings@12.1.0_commander@12.1.0": {
      "integrity": "sha512-wf/lwQvWAA0goIghcb91dQYpkLBcyhOhQNqG/VgWhnKzgt+UOMvra7EX/2fv70arm5RW+PUHoQHHDa6/p77Eqg==",
      "dependencies": [
        "commander"
      ]
    },
    "commander@12.1.0": {
      "integrity": "sha512-Vw8qHK3bZM9y/P10u3Vib8o/DdkvA2OtPtZvD871QKjy74Wj1WSKFILMPRPSdUSx5RFK1arlJzEtA4PkFgnbuA=="
    },
    "zod@3.23.8": {
      "integrity": "sha512-XBx9AXhXktjUqnepgTiE5flcKIYWi/rme0Eaj+5Y0lftuGBq+jyRu/md4WnuxqgP1ubdpNCsYEYPxrzVHD8d6g=="
    }
  },
  "workspace": {
    "dependencies": [
      "jsr:@std/assert@1"
    ]
  }
}
