{
  "version": "4",
  "specifiers": {
    "jsr:@std/assert@1": "1.0.6",
    "jsr:@std/internal@^1.0.4": "1.0.4",
    "npm:@commander-js/extra-typings@*": "12.1.0_commander@12.1.0",
    "npm:path-to-regexp@*": "8.2.0",
    "npm:zod@*": "3.23.8"
  },
  "jsr": {
    "@std/assert@1.0.6": {
      "integrity": "1904c05806a25d94fe791d6d883b685c9e2dcd60e4f9fc30f4fc5cf010c72207",
      "dependencies": [
        "jsr:@std/internal"
      ]
    },
    "@std/internal@1.0.4": {
      "integrity": "62e8e4911527e5e4f307741a795c0b0a9e6958d0b3790716ae71ce085f755422"
    }
  },
  "npm": {
    "@commander-js/extra-typings@12.1.0_commander@12.1.0": {
      "integrity": "sha512-wf/lwQvWAA0goIghcb91dQYpkLBcyhOhQNqG/VgWhnKzgt+UOMvra7EX/2fv70arm5RW+PUHoQHHDa6/p77Eqg==",
      "dependencies": [
        "commander"
      ]
    },
    "commander@12.1.0": {
      "integrity": "sha512-Vw8qHK3bZM9y/P10u3Vib8o/DdkvA2OtPtZvD871QKjy74Wj1WSKFILMPRPSdUSx5RFK1arlJzEtA4PkFgnbuA=="
    },
    "path-to-regexp@8.2.0": {
      "integrity": "sha512-TdrF7fW9Rphjq4RjrW0Kp2AW0Ahwu9sRGTkS6bvDi0SCwZlEZYmcfDbEsTz8RVk0EHIS/Vd1bv3JhG+1xZuAyQ=="
    },
    "zod@3.23.8": {
      "integrity": "sha512-XBx9AXhXktjUqnepgTiE5flcKIYWi/rme0Eaj+5Y0lftuGBq+jyRu/md4WnuxqgP1ubdpNCsYEYPxrzVHD8d6g=="
    }
  },
  "workspace": {
    "dependencies": [
      "jsr:@std/assert@1"
    ]
  }
}
